
Microsoft Visual Studio Solution File, Format Version 12.00
# Visual Studio Version 17
VisualStudioVersion = 17.0.31903.59
MinimumVisualStudioVersion = 10.0.40219.1
Project("{FAE04EC0-301F-11D3-BF4B-00C04F79EFBC}") = "WebApp", "MemoryAppSizeStartup\WebApp.csproj", "{754CB528-77D1-483A-9023-E2833295E6BF}"
EndProject
Project("{2150E333-8FDC-42A3-9474-1A3956D46DE8}") = "01 Memory, App Size, Startup Time", "01 Memory, App Size, Startup Time", "{FF26315C-265D-499B-BBE8-40D006175129}"
EndProject
Project("{2150E333-8FDC-42A3-9474-1A3956D46DE8}") = "02 Native AOT Web App", "02 Native AOT Web App", "{465130F3-CA75-41AD-B667-7ACAAE48A8F3}"
EndProject
Project("{FAE04EC0-301F-11D3-BF4B-00C04F79EFBC}") = "WebApp", "WebApp\WebApp.csproj", "{D4802B71-425B-4AD4-AD12-4521231F2FE6}"
EndProject
Project("{FAE04EC0-301F-11D3-BF4B-00C04F79EFBC}") = "WebApp.Tests", "WebApp.Tests\WebApp.Tests.csproj", "{4C1484FF-8A02-46C8-B2B5-86C0C6FCBCDE}"
EndProject
Global
	GlobalSection(SolutionConfigurationPlatforms) = preSolution
		Debug|Any CPU = Debug|Any CPU
		Release|Any CPU = Release|Any CPU
	EndGlobalSection
	GlobalSection(SolutionProperties) = preSolution
		HideSolutionNode = FALSE
	EndGlobalSection
	GlobalSection(ProjectConfigurationPlatforms) = postSolution
		{754CB528-77D1-483A-9023-E2833295E6BF}.Debug|Any CPU.ActiveCfg = Debug|Any CPU
		{754CB528-77D1-483A-9023-E2833295E6BF}.Debug|Any CPU.Build.0 = Debug|Any CPU
		{754CB528-77D1-483A-9023-E2833295E6BF}.Release|Any CPU.ActiveCfg = Release|Any CPU
		{754CB528-77D1-483A-9023-E2833295E6BF}.Release|Any CPU.Build.0 = Release|Any CPU
		{D4802B71-425B-4AD4-AD12-4521231F2FE6}.Debug|Any CPU.ActiveCfg = Debug|Any CPU
		{D4802B71-425B-4AD4-AD12-4521231F2FE6}.Debug|Any CPU.Build.0 = Debug|Any CPU
		{D4802B71-425B-4AD4-AD12-4521231F2FE6}.Release|Any CPU.ActiveCfg = Release|Any CPU
		{D4802B71-425B-4AD4-AD12-4521231F2FE6}.Release|Any CPU.Build.0 = Release|Any CPU
		{4C1484FF-8A02-46C8-B2B5-86C0C6FCBCDE}.Debug|Any CPU.ActiveCfg = Debug|Any CPU
		{4C1484FF-8A02-46C8-B2B5-86C0C6FCBCDE}.Debug|Any CPU.Build.0 = Debug|Any CPU
		{4C1484FF-8A02-46C8-B2B5-86C0C6FCBCDE}.Release|Any CPU.ActiveCfg = Release|Any CPU
		{4C1484FF-8A02-46C8-B2B5-86C0C6FCBCDE}.Release|Any CPU.Build.0 = Release|Any CPU
	EndGlobalSection
	GlobalSection(NestedProjects) = preSolution
		{754CB528-77D1-483A-9023-E2833295E6BF} = {FF26315C-265D-499B-BBE8-40D006175129}
		{D4802B71-425B-4AD4-AD12-4521231F2FE6} = {465130F3-CA75-41AD-B667-7ACAAE48A8F3}
		{4C1484FF-8A02-46C8-B2B5-86C0C6FCBCDE} = {465130F3-CA75-41AD-B667-7ACAAE48A8F3}
	EndGlobalSection
EndGlobal
